
Microsoft Visual Studio Solution File, Format Version 12.00
# Visual Studio Version 17
VisualStudioVersion = 17.13.35806.99 d17.13
MinimumVisualStudioVersion = 10.0.40219.1
Project("{FAE04EC0-301F-11D3-BF4B-00C04F79EFBC}") = "ECoding.InkAnchor", ".\ECoding.InkAnchor\ECoding.InkAnchor.csproj", "{968525A7-D861-40A0-901E-08EED1D205C9}"
EndProject
Project("{FAE04EC0-301F-11D3-BF4B-00C04F79EFBC}") = "ECoding.InkAnchor.TesterApp", ".\ECoding.InkAnchor.TesterApp\ECoding.InkAnchor.TesterApp.csproj", "{40FA0DBE-3CDA-4C01-BD6D-D4FBB017D273}"
EndProject
Global
	GlobalSection(SolutionConfigurationPlatforms) = preSolution
		Debug|Any CPU = Debug|Any CPU
		Release|Any CPU = Release|Any CPU
	EndGlobalSection
	GlobalSection(ProjectConfigurationPlatforms) = postSolution
		{968525A7-D861-40A0-901E-08EED1D205C9}.Debug|Any CPU.ActiveCfg = Debug|Any CPU
		{968525A7-D861-40A0-901E-08EED1D205C9}.Debug|Any CPU.Build.0 = Debug|Any CPU
		{968525A7-D861-40A0-901E-08EED1D205C9}.Release|Any CPU.ActiveCfg = Release|Any CPU
		{968525A7-D861-40A0-901E-08EED1D205C9}.Release|Any CPU.Build.0 = Release|Any CPU
		{40FA0DBE-3CDA-4C01-BD6D-D4FBB017D273}.Debug|Any CPU.ActiveCfg = Debug|Any CPU
		{40FA0DBE-3CDA-4C01-BD6D-D4FBB017D273}.Debug|Any CPU.Build.0 = Debug|Any CPU
		{40FA0DBE-3CDA-4C01-BD6D-D4FBB017D273}.Release|Any CPU.ActiveCfg = Release|Any CPU
		{40FA0DBE-3CDA-4C01-BD6D-D4FBB017D273}.Release|Any CPU.Build.0 = Release|Any CPU
	EndGlobalSection
	GlobalSection(SolutionProperties) = preSolution
		HideSolutionNode = FALSE
	EndGlobalSection
	GlobalSection(ExtensibilityGlobals) = postSolution
		SolutionGuid = {48310F68-BF69-48FC-90A7-CDB7BC6E5DE6}
	EndGlobalSection
EndGlobal
